
Microsoft Visual Studio Solution File, Format Version 12.00
# Visual Studio Version 16
VisualStudioVersion = 16.0.31829.152
MinimumVisualStudioVersion = 10.0.40219.1
Project("{FAE04EC0-301F-11D3-BF4B-00C04F79EFBC}") = "LegendaryHero", "LegendaryHero\LegendaryHero.csproj", "{24376F24-1A77-4EB5-B4DD-1EEC61893240}"
EndProject
Global
	GlobalSection(SolutionConfigurationPlatforms) = preSolution
		Debug|Any CPU = Debug|Any CPU
		Release|Any CPU = Release|Any CPU
	EndGlobalSection
	GlobalSection(ProjectConfigurationPlatforms) = postSolution
		{24376F24-1A77-4EB5-B4DD-1EEC61893240}.Debug|Any CPU.ActiveCfg = Debug|Any CPU
		{24376F24-1A77-4EB5-B4DD-1EEC61893240}.Debug|Any CPU.Build.0 = Debug|Any CPU
		{24376F24-1A77-4EB5-B4DD-1EEC61893240}.Release|Any CPU.ActiveCfg = Release|Any CPU
		{24376F24-1A77-4EB5-B4DD-1EEC61893240}.Release|Any CPU.Build.0 = Release|Any CPU
	EndGlobalSection
	GlobalSection(SolutionProperties) = preSolution
		HideSolutionNode = FALSE
	EndGlobalSection
	GlobalSection(ExtensibilityGlobals) = postSolution
		SolutionGuid = {BA9F53CF-AC9E-4352-975A-0684C38B5436}
	EndGlobalSection
EndGlobal
